{
  "name": "datapoint",
  "version": "1.0.0",
  "lockfileVersion": 2,
  "requires": true,
  "packages": {
    "": {
      "name": "datapoint",
      "version": "1.0.0",
      "license": "ISC",
      "dependencies": {
        "@types/node": "^17.0.23",
        "http-status-codes": "^2.2.0"
      },
      "devDependencies": {
        "tsconfig-paths": "^3.14.1"
      }
    },
    "node_modules/@types/json5": {
      "version": "0.0.29",
      "resolved": "https://registry.npmjs.org/@types/json5/-/json5-0.0.29.tgz",
      "integrity": "sha1-7ihweulOEdK4J7y+UnC86n8+ce4=",
      "dev": true
    },
    "node_modules/@types/node": {
      "version": "17.0.23",
      "resolved": "https://registry.npmjs.org/@types/node/-/node-17.0.23.tgz",
      "integrity": "sha512-UxDxWn7dl97rKVeVS61vErvw086aCYhDLyvRQZ5Rk65rZKepaFdm53GeqXaKBuOhED4e9uWq34IC3TdSdJJ2Gw=="
    },
    "node_modules/http-status-codes": {
      "version": "2.2.0",
      "resolved": "https://registry.npmjs.org/http-status-codes/-/http-status-codes-2.2.0.tgz",
      "integrity": "sha512-feERVo9iWxvnejp3SEfm/+oNG517npqL2/PIA8ORjyOZjGC7TwCRQsZylciLS64i6pJ0wRYz3rkXLRwbtFa8Ng=="
    },
    "node_modules/json5": {
      "version": "1.0.1",
      "resolved": "https://registry.npmjs.org/json5/-/json5-1.0.1.tgz",
      "integrity": "sha512-aKS4WQjPenRxiQsC93MNfjx+nbF4PAdYzmd/1JIj8HYzqfbu86beTuNgXDzPknWk0n0uARlyewZo4s++ES36Ow==",
      "dev": true,
      "dependencies": {
        "minimist": "^1.2.0"
      },
      "bin": {
        "json5": "lib/cli.js"
      }
    },
    "node_modules/minimist": {
      "version": "1.2.6",
      "resolved": "https://registry.npmjs.org/minimist/-/minimist-1.2.6.tgz",
      "integrity": "sha512-Jsjnk4bw3YJqYzbdyBiNsPWHPfO++UGG749Cxs6peCu5Xg4nrena6OVxOYxrQTqww0Jmwt+Ref8rggumkTLz9Q==",
      "dev": true
    },
    "node_modules/strip-bom": {
      "version": "3.0.0",
      "resolved": "https://registry.npmjs.org/strip-bom/-/strip-bom-3.0.0.tgz",
      "integrity": "sha1-IzTBjpx1n3vdVv3vfprj1YjmjtM=",
      "dev": true,
      "engines": {
        "node": ">=4"
      }
    },
    "node_modules/tsconfig-paths": {
      "version": "3.14.1",
      "resolved": "https://registry.npmjs.org/tsconfig-paths/-/tsconfig-paths-3.14.1.tgz",
      "integrity": "sha512-fxDhWnFSLt3VuTwtvJt5fpwxBHg5AdKWMsgcPOOIilyjymcYVZoCQF8fvFRezCNfblEXmi+PcM1eYHeOAgXCOQ==",
      "dev": true,
      "dependencies": {
        "@types/json5": "^0.0.29",
        "json5": "^1.0.1",
        "minimist": "^1.2.6",
        "strip-bom": "^3.0.0"
      }
    }
  },
  "dependencies": {
    "@types/json5": {
      "version": "0.0.29",
      "resolved": "https://registry.npmjs.org/@types/json5/-/json5-0.0.29.tgz",
      "integrity": "sha1-7ihweulOEdK4J7y+UnC86n8+ce4=",
      "dev": true
    },
    "@types/node": {
      "version": "17.0.23",
      "resolved": "https://registry.npmjs.org/@types/node/-/node-17.0.23.tgz",
      "integrity": "sha512-UxDxWn7dl97rKVeVS61vErvw086aCYhDLyvRQZ5Rk65rZKepaFdm53GeqXaKBuOhED4e9uWq34IC3TdSdJJ2Gw=="
    },
    "http-status-codes": {
      "version": "2.2.0",
      "resolved": "https://registry.npmjs.org/http-status-codes/-/http-status-codes-2.2.0.tgz",
      "integrity": "sha512-feERVo9iWxvnejp3SEfm/+oNG517npqL2/PIA8ORjyOZjGC7TwCRQsZylciLS64i6pJ0wRYz3rkXLRwbtFa8Ng=="
    },
    "json5": {
      "version": "1.0.1",
      "resolved": "https://registry.npmjs.org/json5/-/json5-1.0.1.tgz",
      "integrity": "sha512-aKS4WQjPenRxiQsC93MNfjx+nbF4PAdYzmd/1JIj8HYzqfbu86beTuNgXDzPknWk0n0uARlyewZo4s++ES36Ow==",
      "dev": true,
      "requires": {
        "minimist": "^1.2.0"
      }
    },
    "minimist": {
      "version": "1.2.6",
      "resolved": "https://registry.npmjs.org/minimist/-/minimist-1.2.6.tgz",
      "integrity": "sha512-Jsjnk4bw3YJqYzbdyBiNsPWHPfO++UGG749Cxs6peCu5Xg4nrena6OVxOYxrQTqww0Jmwt+Ref8rggumkTLz9Q==",
      "dev": true
    },
    "strip-bom": {
      "version": "3.0.0",
      "resolved": "https://registry.npmjs.org/strip-bom/-/strip-bom-3.0.0.tgz",
      "integrity": "sha1-IzTBjpx1n3vdVv3vfprj1YjmjtM=",
      "dev": true
    },
    "tsconfig-paths": {
      "version": "3.14.1",
      "resolved": "https://registry.npmjs.org/tsconfig-paths/-/tsconfig-paths-3.14.1.tgz",
      "integrity": "sha512-fxDhWnFSLt3VuTwtvJt5fpwxBHg5AdKWMsgcPOOIilyjymcYVZoCQF8fvFRezCNfblEXmi+PcM1eYHeOAgXCOQ==",
      "dev": true,
      "requires": {
        "@types/json5": "^0.0.29",
        "json5": "^1.0.1",
        "minimist": "^1.2.6",
        "strip-bom": "^3.0.0"
      }
    }
  }
}
